# This file is autogenerated, do not edit; changes may be undone by the next 'dep ensure'.


[[projects]]
  branch = "master"
  name = "github.com/xeipuuv/gojsonpointer"
  packages = ["."]
  revision = "6fe8760cad3569743d51ddbb243b26f8456742dc"

[solve-meta]
  analyzer-name = "dep"
  analyzer-version = 1
  inputs-digest = "48d17226ede8ea414c6f6643676d7e086d4ee0f5198c1af77e79ae9a3bf5f611"
  solver-name = "gps-cdcl"
  solver-version = 1
